
Microsoft Visual Studio Solution File, Format Version 12.00
# Visual Studio Version 17
VisualStudioVersion = 17.3.32901.215
MinimumVisualStudioVersion = 10.0.40219.1
Project("{8BC9CEB8-8B4A-11D0-8D11-00A0C91BC942}") = "vvodit_chisla", "vvodit_chisla\vvodit_chisla.vcxproj", "{0B5E2F33-C614-4806-B5D3-043DD5C475E6}"
EndProject
Global
	GlobalSection(SolutionConfigurationPlatforms) = preSolution
		Debug|x64 = Debug|x64
		Debug|x86 = Debug|x86
		Release|x64 = Release|x64
		Release|x86 = Release|x86
	EndGlobalSection
	GlobalSection(ProjectConfigurationPlatforms) = postSolution
		{0B5E2F33-C614-4806-B5D3-043DD5C475E6}.Debug|x64.ActiveCfg = Debug|x64
		{0B5E2F33-C614-4806-B5D3-043DD5C475E6}.Debug|x64.Build.0 = Debug|x64
		{0B5E2F33-C614-4806-B5D3-043DD5C475E6}.Debug|x86.ActiveCfg = Debug|Win32
		{0B5E2F33-C614-4806-B5D3-043DD5C475E6}.Debug|x86.Build.0 = Debug|Win32
		{0B5E2F33-C614-4806-B5D3-043DD5C475E6}.Release|x64.ActiveCfg = Release|x64
		{0B5E2F33-C614-4806-B5D3-043DD5C475E6}.Release|x64.Build.0 = Release|x64
		{0B5E2F33-C614-4806-B5D3-043DD5C475E6}.Release|x86.ActiveCfg = Release|Win32
		{0B5E2F33-C614-4806-B5D3-043DD5C475E6}.Release|x86.Build.0 = Release|Win32
	EndGlobalSection
	GlobalSection(SolutionProperties) = preSolution
		HideSolutionNode = FALSE
	EndGlobalSection
	GlobalSection(ExtensibilityGlobals) = postSolution
		SolutionGuid = {1CB6A6C1-7DF9-40BD-9679-57F8B92E1BC1}
	EndGlobalSection
EndGlobal
